
Microsoft Visual Studio Solution File, Format Version 12.00
# Visual Studio 15
VisualStudioVersion = 15.0.28307.421
MinimumVisualStudioVersion = 10.0.40219.1
Project("{FAE04EC0-301F-11D3-BF4B-00C04F79EFBC}") = "VCExample", "VCExample\VCExample.csproj", "{5DD61882-3121-4102-8589-BBEEB6BD8524}"
EndProject
Global
	GlobalSection(SolutionConfigurationPlatforms) = preSolution
		Debug|Any CPU = Debug|Any CPU
		Release|Any CPU = Release|Any CPU
	EndGlobalSection
	GlobalSection(ProjectConfigurationPlatforms) = postSolution
		{5DD61882-3121-4102-8589-BBEEB6BD8524}.Debug|Any CPU.ActiveCfg = Debug|Any CPU
		{5DD61882-3121-4102-8589-BBEEB6BD8524}.Debug|Any CPU.Build.0 = Debug|Any CPU
		{5DD61882-3121-4102-8589-BBEEB6BD8524}.Release|Any CPU.ActiveCfg = Release|Any CPU
		{5DD61882-3121-4102-8589-BBEEB6BD8524}.Release|Any CPU.Build.0 = Release|Any CPU
	EndGlobalSection
	GlobalSection(SolutionProperties) = preSolution
		HideSolutionNode = FALSE
	EndGlobalSection
	GlobalSection(ExtensibilityGlobals) = postSolution
		SolutionGuid = {39A3F470-8A9B-47F0-9543-0A89688C5EA8}
	EndGlobalSection
EndGlobal
