
Microsoft Visual Studio Solution File, Format Version 12.00
# Visual Studio 15
VisualStudioVersion = 15.0.28307.421
MinimumVisualStudioVersion = 10.0.40219.1
Project("{FAE04EC0-301F-11D3-BF4B-00C04F79EFBC}") = "MVExample", "MVExample\MVExample.csproj", "{464CB3DB-E948-4A87-98E1-A653AA81E1AB}"
EndProject
Global
	GlobalSection(SolutionConfigurationPlatforms) = preSolution
		Debug|Any CPU = Debug|Any CPU
		Release|Any CPU = Release|Any CPU
	EndGlobalSection
	GlobalSection(ProjectConfigurationPlatforms) = postSolution
		{464CB3DB-E948-4A87-98E1-A653AA81E1AB}.Debug|Any CPU.ActiveCfg = Debug|Any CPU
		{464CB3DB-E948-4A87-98E1-A653AA81E1AB}.Debug|Any CPU.Build.0 = Debug|Any CPU
		{464CB3DB-E948-4A87-98E1-A653AA81E1AB}.Release|Any CPU.ActiveCfg = Release|Any CPU
		{464CB3DB-E948-4A87-98E1-A653AA81E1AB}.Release|Any CPU.Build.0 = Release|Any CPU
	EndGlobalSection
	GlobalSection(SolutionProperties) = preSolution
		HideSolutionNode = FALSE
	EndGlobalSection
	GlobalSection(ExtensibilityGlobals) = postSolution
		SolutionGuid = {1B40B211-2B43-4DF8-A44D-0B57CF11FD62}
	EndGlobalSection
EndGlobal
